
Microsoft Visual Studio Solution File, Format Version 12.00
# Visual Studio Version 16
VisualStudioVersion = 16.0.33529.622
MinimumVisualStudioVersion = 10.0.40219.1
Project("{FAE04EC0-301F-11D3-BF4B-00C04F79EFBC}") = "GetDataWS", "GetDataWS.csproj", "{518AEDC8-60B4-41CD-BE6B-A882686DA1D0}"
EndProject
Global
	GlobalSection(SolutionConfigurationPlatforms) = preSolution
		Debug|Any CPU = Debug|Any CPU
		Release|Any CPU = Release|Any CPU
	EndGlobalSection
	GlobalSection(ProjectConfigurationPlatforms) = postSolution
		{518AEDC8-60B4-41CD-BE6B-A882686DA1D0}.Debug|Any CPU.ActiveCfg = Debug|Any CPU
		{518AEDC8-60B4-41CD-BE6B-A882686DA1D0}.Debug|Any CPU.Build.0 = Debug|Any CPU
		{518AEDC8-60B4-41CD-BE6B-A882686DA1D0}.Release|Any CPU.ActiveCfg = Release|Any CPU
		{518AEDC8-60B4-41CD-BE6B-A882686DA1D0}.Release|Any CPU.Build.0 = Release|Any CPU
	EndGlobalSection
	GlobalSection(SolutionProperties) = preSolution
		HideSolutionNode = FALSE
	EndGlobalSection
	GlobalSection(ExtensibilityGlobals) = postSolution
		SolutionGuid = {3464A668-2D28-44A8-8DBD-53B042883BD1}
	EndGlobalSection
EndGlobal
