
Microsoft Visual Studio Solution File, Format Version 12.00
# Visual Studio Version 16
VisualStudioVersion = 16.0.33529.622
MinimumVisualStudioVersion = 10.0.40219.1
Project("{FAE04EC0-301F-11D3-BF4B-00C04F79EFBC}") = "WebService2", "WebService2.csproj", "{733E2D31-17A4-4BA6-9DCC-B4B30FDEF746}"
EndProject
Global
	GlobalSection(SolutionConfigurationPlatforms) = preSolution
		Debug|Any CPU = Debug|Any CPU
		Release|Any CPU = Release|Any CPU
	EndGlobalSection
	GlobalSection(ProjectConfigurationPlatforms) = postSolution
		{733E2D31-17A4-4BA6-9DCC-B4B30FDEF746}.Debug|Any CPU.ActiveCfg = Debug|Any CPU
		{733E2D31-17A4-4BA6-9DCC-B4B30FDEF746}.Debug|Any CPU.Build.0 = Debug|Any CPU
		{733E2D31-17A4-4BA6-9DCC-B4B30FDEF746}.Release|Any CPU.ActiveCfg = Release|Any CPU
		{733E2D31-17A4-4BA6-9DCC-B4B30FDEF746}.Release|Any CPU.Build.0 = Release|Any CPU
	EndGlobalSection
	GlobalSection(SolutionProperties) = preSolution
		HideSolutionNode = FALSE
	EndGlobalSection
	GlobalSection(ExtensibilityGlobals) = postSolution
		SolutionGuid = {7ABF4243-F40C-4D91-9ACD-F8D264CEA662}
	EndGlobalSection
EndGlobal
